{
  "object": {
    "pins": [
      {
        "package": "CoreGraphicsShim",
        "repositoryURL": "https://github.com/Cosmo/CoreGraphicsShim.git",
        "state": {
          "branch": "master",
          "revision": "d2aec4b41d4f92371198b9a382f35749254f0a80",
          "version": null
        }
      },
      {
        "package": "OpenSwiftUI",
        "repositoryURL": "https://github.com/AlekSimpson/OpenSwiftUI.git",
        "state": {
          "branch": "master",
          "revision": "57c89eeccccd6e83e1f687e25a5bdb22fc76a6e6",
          "version": null
        }
      },
      {
        "package": "Pixels",
        "repositoryURL": "https://github.com/Cosmo/Pixels.git",
        "state": {
          "branch": "master",
          "revision": "7e37a1e325354f5a695f98e81b23612847b4083b",
          "version": null
        }
      },
      {
        "package": "SDL",
        "repositoryURL": "https://github.com/ciorarn21/SDL.git",
        "state": {
          "branch": "master",
          "revision": "980f6563ff37686b6b60cd3e651e64cc092c4038",
          "version": null
        }
      }
    ]
  },
  "version": 1
}
