{
  "object": {
    "pins": [
      {
        "package": "Cairo",
        "repositoryURL": "https://github.com/PureSwift/Cairo.git",
        "state": {
          "branch": "master",
          "revision": "b5f867a56a20d2f0064ccb975ae4a669b374e9e0",
          "version": null
        }
      },
      {
        "package": "CoreGraphicsShim",
        "repositoryURL": "https://github.com/Cosmo/CoreGraphicsShim.git",
        "state": {
          "branch": "master",
          "revision": "d2aec4b41d4f92371198b9a382f35749254f0a80",
          "version": null
        }
      },
      {
        "package": "OpenSwiftUI",
        "repositoryURL": "https://github.com/AlekSimpson/OpenSwiftUI.git",
        "state": {
          "branch": "master",
          "revision": "57c89eeccccd6e83e1f687e25a5bdb22fc76a6e6",
          "version": null
        }
      },
      {
        "package": "SDL",
        "repositoryURL": "https://github.com/ciorarn21/SDL.git",
        "state": {
          "branch": "master",
          "revision": "980f6563ff37686b6b60cd3e651e64cc092c4038",
          "version": null
        }
      },
      {
        "package": "Silica",
        "repositoryURL": "https://github.com/PureSwift/Silica.git",
        "state": {
          "branch": "master",
          "revision": "5b8c695af2d5a38c0ea0468aac80a1d5ae5d005f",
          "version": null
        }
      }
    ]
  },
  "version": 1
}
